
Microsoft Visual Studio Solution File, Format Version 12.00
# Visual Studio 2012
Project("{FAE04EC0-301F-11D3-BF4B-00C04F79EFBC}") = "MinesDemo", "MinesDemo\MinesDemo.csproj", "{76C2CD4C-26A5-47AE-9F4D-96B25F258D53}"
EndProject
Project("{FAE04EC0-301F-11D3-BF4B-00C04F79EFBC}") = "NamingIdentifiers", "NamingIdentifiers\NamingIdentifiers.csproj", "{D25AC8EC-A1FD-44FE-912D-90444202D537}"
EndProject
Global
	GlobalSection(SolutionConfigurationPlatforms) = preSolution
		Debug|Any CPU = Debug|Any CPU
		Release|Any CPU = Release|Any CPU
	EndGlobalSection
	GlobalSection(ProjectConfigurationPlatforms) = postSolution
		{76C2CD4C-26A5-47AE-9F4D-96B25F258D53}.Debug|Any CPU.ActiveCfg = Debug|Any CPU
		{76C2CD4C-26A5-47AE-9F4D-96B25F258D53}.Debug|Any CPU.Build.0 = Debug|Any CPU
		{76C2CD4C-26A5-47AE-9F4D-96B25F258D53}.Release|Any CPU.ActiveCfg = Release|Any CPU
		{76C2CD4C-26A5-47AE-9F4D-96B25F258D53}.Release|Any CPU.Build.0 = Release|Any CPU
		{D25AC8EC-A1FD-44FE-912D-90444202D537}.Debug|Any CPU.ActiveCfg = Debug|Any CPU
		{D25AC8EC-A1FD-44FE-912D-90444202D537}.Debug|Any CPU.Build.0 = Debug|Any CPU
		{D25AC8EC-A1FD-44FE-912D-90444202D537}.Release|Any CPU.ActiveCfg = Release|Any CPU
		{D25AC8EC-A1FD-44FE-912D-90444202D537}.Release|Any CPU.Build.0 = Release|Any CPU
	EndGlobalSection
	GlobalSection(SolutionProperties) = preSolution
		HideSolutionNode = FALSE
	EndGlobalSection
EndGlobal
