
Microsoft Visual Studio Solution File, Format Version 12.00
# Visual Studio 2012
Project("{FAE04EC0-301F-11D3-BF4B-00C04F79EFBC}") = "PrimitiveTypeComparingPerformances", "ComparingPerformances\PrimitiveTypeComparingPerformances.csproj", "{E08A35FA-05DF-486E-B9B4-FAA279A78435}"
EndProject
Project("{FAE04EC0-301F-11D3-BF4B-00C04F79EFBC}") = "MathUtilsComparingPerfomances", "MathUtilsComparingPerfomances\MathUtilsComparingPerfomances.csproj", "{8C86DC24-37E2-4B2B-819C-31EB3EBCE8E6}"
EndProject
Project("{FAE04EC0-301F-11D3-BF4B-00C04F79EFBC}") = "SortComparingPerfomances", "SortComparingPerfomances\SortComparingPerfomances.csproj", "{72CA0088-D023-4F24-BF07-5E8BE931DEEE}"
EndProject
Global
	GlobalSection(SolutionConfigurationPlatforms) = preSolution
		Debug|Any CPU = Debug|Any CPU
		Release|Any CPU = Release|Any CPU
	EndGlobalSection
	GlobalSection(ProjectConfigurationPlatforms) = postSolution
		{E08A35FA-05DF-486E-B9B4-FAA279A78435}.Debug|Any CPU.ActiveCfg = Debug|Any CPU
		{E08A35FA-05DF-486E-B9B4-FAA279A78435}.Debug|Any CPU.Build.0 = Debug|Any CPU
		{E08A35FA-05DF-486E-B9B4-FAA279A78435}.Release|Any CPU.ActiveCfg = Release|Any CPU
		{E08A35FA-05DF-486E-B9B4-FAA279A78435}.Release|Any CPU.Build.0 = Release|Any CPU
		{8C86DC24-37E2-4B2B-819C-31EB3EBCE8E6}.Debug|Any CPU.ActiveCfg = Debug|Any CPU
		{8C86DC24-37E2-4B2B-819C-31EB3EBCE8E6}.Debug|Any CPU.Build.0 = Debug|Any CPU
		{8C86DC24-37E2-4B2B-819C-31EB3EBCE8E6}.Release|Any CPU.ActiveCfg = Release|Any CPU
		{8C86DC24-37E2-4B2B-819C-31EB3EBCE8E6}.Release|Any CPU.Build.0 = Release|Any CPU
		{72CA0088-D023-4F24-BF07-5E8BE931DEEE}.Debug|Any CPU.ActiveCfg = Debug|Any CPU
		{72CA0088-D023-4F24-BF07-5E8BE931DEEE}.Debug|Any CPU.Build.0 = Debug|Any CPU
		{72CA0088-D023-4F24-BF07-5E8BE931DEEE}.Release|Any CPU.ActiveCfg = Release|Any CPU
		{72CA0088-D023-4F24-BF07-5E8BE931DEEE}.Release|Any CPU.Build.0 = Release|Any CPU
	EndGlobalSection
	GlobalSection(SolutionProperties) = preSolution
		HideSolutionNode = FALSE
	EndGlobalSection
EndGlobal
